
Microsoft Visual Studio Solution File, Format Version 12.00
# Visual Studio Version 17
VisualStudioVersion = 17.11.35219.272
MinimumVisualStudioVersion = 10.0.40219.1
Project("{FAE04EC0-301F-11D3-BF4B-00C04F79EFBC}") = "API_Gatinos", "API_Gatinos\API_Gatinos.csproj", "{AFF9BB93-60F4-46C1-B8D8-21EDD2E2AAB8}"
EndProject
Project("{FAE04EC0-301F-11D3-BF4B-00C04F79EFBC}") = "ActividadUT2", "ActividadUT2\ActividadUT2.csproj", "{C9052BD2-BE2E-482F-A71E-DC58AB5E5BE9}"
EndProject
Global
	GlobalSection(SolutionConfigurationPlatforms) = preSolution
		Debug|Any CPU = Debug|Any CPU
		Release|Any CPU = Release|Any CPU
	EndGlobalSection
	GlobalSection(ProjectConfigurationPlatforms) = postSolution
		{AFF9BB93-60F4-46C1-B8D8-21EDD2E2AAB8}.Debug|Any CPU.ActiveCfg = Debug|Any CPU
		{AFF9BB93-60F4-46C1-B8D8-21EDD2E2AAB8}.Debug|Any CPU.Build.0 = Debug|Any CPU
		{AFF9BB93-60F4-46C1-B8D8-21EDD2E2AAB8}.Release|Any CPU.ActiveCfg = Release|Any CPU
		{AFF9BB93-60F4-46C1-B8D8-21EDD2E2AAB8}.Release|Any CPU.Build.0 = Release|Any CPU
		{C9052BD2-BE2E-482F-A71E-DC58AB5E5BE9}.Debug|Any CPU.ActiveCfg = Debug|Any CPU
		{C9052BD2-BE2E-482F-A71E-DC58AB5E5BE9}.Debug|Any CPU.Build.0 = Debug|Any CPU
		{C9052BD2-BE2E-482F-A71E-DC58AB5E5BE9}.Release|Any CPU.ActiveCfg = Release|Any CPU
		{C9052BD2-BE2E-482F-A71E-DC58AB5E5BE9}.Release|Any CPU.Build.0 = Release|Any CPU
	EndGlobalSection
	GlobalSection(SolutionProperties) = preSolution
		HideSolutionNode = FALSE
	EndGlobalSection
	GlobalSection(ExtensibilityGlobals) = postSolution
		SolutionGuid = {EBA27E95-A86C-44AB-A1D1-714588048D6C}
	EndGlobalSection
EndGlobal
